// !$*UTF8*$!
{
	archiveVersion = 1;
	classes = {
	};
	objectVersion = 50;
	objects = {

/* Begin PBXBuildFile section */
		3EB13273263388750053B664 /* AppDelegate.swift in Sources */ = {isa = PBXBuildFile; fileRef = 3EB13272263388750053B664 /* AppDelegate.swift */; };
		3EB13275263388750053B664 /* SceneDelegate.swift in Sources */ = {isa = PBXBuildFile; fileRef = 3EB13274263388750053B664 /* SceneDelegate.swift */; };
		3EB13277263388750053B664 /* ContentView.swift in Sources */ = {isa = PBXBuildFile; fileRef = 3EB13276263388750053B664 /* ContentView.swift */; };
		3EB1327A263388760053B664 /* Music_Inspiration.xcdatamodeld in Sources */ = {isa = PBXBuildFile; fileRef = 3EB13278263388760053B664 /* Music_Inspiration.xcdatamodeld */; };
		3EB1327C263388830053B664 /* Assets.xcassets in Resources */ = {isa = PBXBuildFile; fileRef = 3EB1327B263388830053B664 /* Assets.xcassets */; };
		3EB1327F263388830053B664 /* Preview Assets.xcassets in Resources */ = {isa = PBXBuildFile; fileRef = 3EB1327E263388830053B664 /* Preview Assets.xcassets */; };
		3EB13282263388830053B664 /* LaunchScreen.storyboard in Resources */ = {isa = PBXBuildFile; fileRef = 3EB13280263388830053B664 /* LaunchScreen.storyboard */; };
		3EB132932637BE850053B664 /* PhotoCaptureView.swift in Sources */ = {isa = PBXBuildFile; fileRef = 3EB132922637BE850053B664 /* PhotoCaptureView.swift */; };
		3EB132972637BE9C0053B664 /* ImagePicker.swift in Sources */ = {isa = PBXBuildFile; fileRef = 3EB132962637BE9C0053B664 /* ImagePicker.swift */; };
		3EB1329B2637BEC20053B664 /* Home.swift in Sources */ = {isa = PBXBuildFile; fileRef = 3EB1329A2637BEC20053B664 /* Home.swift */; };
		3EB1329F2637C0000053B664 /* Song.swift in Sources */ = {isa = PBXBuildFile; fileRef = 3EB1329E2637C0000053B664 /* Song.swift */; };
		3EB132A22637C1330053B664 /* Photo.swift in Sources */ = {isa = PBXBuildFile; fileRef = 3EB132A12637C1330053B664 /* Photo.swift */; };
		3EB132A52637C9370053B664 /* UserData.swift in Sources */ = {isa = PBXBuildFile; fileRef = 3EB132A42637C9370053B664 /* UserData.swift */; };
		3EB132A82637C9510053B664 /* MainView.swift in Sources */ = {isa = PBXBuildFile; fileRef = 3EB132A72637C9510053B664 /* MainView.swift */; };
		3EB132AB2637C95A0053B664 /* LoginView.swift in Sources */ = {isa = PBXBuildFile; fileRef = 3EB132AA2637C95A0053B664 /* LoginView.swift */; };
		3EB132AE2637C9650053B664 /* ForgotPassword.swift in Sources */ = {isa = PBXBuildFile; fileRef = 3EB132AD2637C9650053B664 /* ForgotPassword.swift */; };
		3EB132B22637CA260053B664 /* Settings.swift in Sources */ = {isa = PBXBuildFile; fileRef = 3EB132B12637CA260053B664 /* Settings.swift */; };
		3EE1938E2637DD0800B695F7 /* music.json in Resources */ = {isa = PBXBuildFile; fileRef = 3EE1938D2637DD0800B695F7 /* music.json */; };
		3EE193912637DD9200B695F7 /* MusicStruct.swift in Sources */ = {isa = PBXBuildFile; fileRef = 3EE193902637DD9200B695F7 /* MusicStruct.swift */; };
		3EE193942637DDB300B695F7 /* MusicData.swift in Sources */ = {isa = PBXBuildFile; fileRef = 3EE193932637DDB300B695F7 /* MusicData.swift */; };
		3EE193972637DDE400B695F7 /* UtiliyFunctions.swift in Sources */ = {isa = PBXBuildFile; fileRef = 3EE193962637DDE400B695F7 /* UtiliyFunctions.swift */; };
		3EE1939B2637DE5700B695F7 /* SongList.swift in Sources */ = {isa = PBXBuildFile; fileRef = 3EE1939A2637DE5700B695F7 /* SongList.swift */; };
		3EE1939F2637DE7800B695F7 /* SongItem.swift in Sources */ = {isa = PBXBuildFile; fileRef = 3EE1939E2637DE7800B695F7 /* SongItem.swift */; };
		3EE193A22637DE9100B695F7 /* SongDetails.swift in Sources */ = {isa = PBXBuildFile; fileRef = 3EE193A12637DE9100B695F7 /* SongDetails.swift */; };
		3EE193A52637DEB600B695F7 /* AddSong.swift in Sources */ = {isa = PBXBuildFile; fileRef = 3EE193A42637DEB600B695F7 /* AddSong.swift */; };
		3EE193A82637DECB00B695F7 /* ChangeSong.swift in Sources */ = {isa = PBXBuildFile; fileRef = 3EE193A72637DECB00B695F7 /* ChangeSong.swift */; };
		3EE193AC2637E22600B695F7 /* SearchDatabase.swift in Sources */ = {isa = PBXBuildFile; fileRef = 3EE193AB2637E22600B695F7 /* SearchDatabase.swift */; };
		3EE193AF2637E23E00B695F7 /* SearchResultsList.swift in Sources */ = {isa = PBXBuildFile; fileRef = 3EE193AE2637E23E00B695F7 /* SearchResultsList.swift */; };
		3EE193B22637E25900B695F7 /* SearchResultItem.swift in Sources */ = {isa = PBXBuildFile; fileRef = 3EE193B12637E25900B695F7 /* SearchResultItem.swift */; };
		3EE193B52637E27900B695F7 /* SearchResultDetails.swift in Sources */ = {isa = PBXBuildFile; fileRef = 3EE193B42637E27900B695F7 /* SearchResultDetails.swift */; };
		3EE193B82637E2AF00B695F7 /* SearchResultsEmpty.swift in Sources */ = {isa = PBXBuildFile; fileRef = 3EE193B72637E2AF00B695F7 /* SearchResultsEmpty.swift */; };
		3EE193BC2637E32E00B695F7 /* SearchAPI.swift in Sources */ = {isa = PBXBuildFile; fileRef = 3EE193BB2637E32E00B695F7 /* SearchAPI.swift */; };
/* End PBXBuildFile section */

/* Begin PBXFileReference section */
		3EB1326F263388750053B664 /* Music Inspiration.app */ = {isa = PBXFileReference; explicitFileType = wrapper.application; includeInIndex = 0; path = "Music Inspiration.app"; sourceTree = BUILT_PRODUCTS_DIR; };
		3EB13272263388750053B664 /* AppDelegate.swift */ = {isa = PBXFileReference; lastKnownFileType = sourcecode.swift; path = AppDelegate.swift; sourceTree = "<group>"; };
		3EB13274263388750053B664 /* SceneDelegate.swift */ = {isa = PBXFileReference; lastKnownFileType = sourcecode.swift; path = SceneDelegate.swift; sourceTree = "<group>"; };
		3EB13276263388750053B664 /* ContentView.swift */ = {isa = PBXFileReference; lastKnownFileType = sourcecode.swift; path = ContentView.swift; sourceTree = "<group>"; };
		3EB13279263388760053B664 /* Music_Inspiration.xcdatamodel */ = {isa = PBXFileReference; lastKnownFileType = wrapper.xcdatamodel; path = Music_Inspiration.xcdatamodel; sourceTree = "<group>"; };
		3EB1327B263388830053B664 /* Assets.xcassets */ = {isa = PBXFileReference; lastKnownFileType = folder.assetcatalog; path = Assets.xcassets; sourceTree = "<group>"; };
		3EB1327E263388830053B664 /* Preview Assets.xcassets */ = {isa = PBXFileReference; lastKnownFileType = folder.assetcatalog; path = "Preview Assets.xcassets"; sourceTree = "<group>"; };
		3EB13281263388830053B664 /* Base */ = {isa = PBXFileReference; lastKnownFileType = file.storyboard; name = Base; path = Base.lproj/LaunchScreen.storyboard; sourceTree = "<group>"; };
		3EB13283263388830053B664 /* Info.plist */ = {isa = PBXFileReference; lastKnownFileType = text.plist.xml; path = Info.plist; sourceTree = "<group>"; };
		3EB132922637BE850053B664 /* PhotoCaptureView.swift */ = {isa = PBXFileReference; lastKnownFileType = sourcecode.swift; path = PhotoCaptureView.swift; sourceTree = "<group>"; };
		3EB132962637BE9C0053B664 /* ImagePicker.swift */ = {isa = PBXFileReference; lastKnownFileType = sourcecode.swift; path = ImagePicker.swift; sourceTree = "<group>"; };
		3EB1329A2637BEC20053B664 /* Home.swift */ = {isa = PBXFileReference; lastKnownFileType = sourcecode.swift; path = Home.swift; sourceTree = "<group>"; };
		3EB1329E2637C0000053B664 /* Song.swift */ = {isa = PBXFileReference; lastKnownFileType = sourcecode.swift; path = Song.swift; sourceTree = "<group>"; };
		3EB132A12637C1330053B664 /* Photo.swift */ = {isa = PBXFileReference; lastKnownFileType = sourcecode.swift; path = Photo.swift; sourceTree = "<group>"; };
		3EB132A42637C9370053B664 /* UserData.swift */ = {isa = PBXFileReference; lastKnownFileType = sourcecode.swift; path = UserData.swift; sourceTree = "<group>"; };
		3EB132A72637C9510053B664 /* MainView.swift */ = {isa = PBXFileReference; lastKnownFileType = sourcecode.swift; path = MainView.swift; sourceTree = "<group>"; };
		3EB132AA2637C95A0053B664 /* LoginView.swift */ = {isa = PBXFileReference; lastKnownFileType = sourcecode.swift; path = LoginView.swift; sourceTree = "<group>"; };
		3EB132AD2637C9650053B664 /* ForgotPassword.swift */ = {isa = PBXFileReference; lastKnownFileType = sourcecode.swift; path = ForgotPassword.swift; sourceTree = "<group>"; };
		3EB132B12637CA260053B664 /* Settings.swift */ = {isa = PBXFileReference; lastKnownFileType = sourcecode.swift; path = Settings.swift; sourceTree = "<group>"; };
		3EE1938D2637DD0800B695F7 /* music.json */ = {isa = PBXFileReference; fileEncoding = 4; lastKnownFileType = text.json; path = music.json; sourceTree = "<group>"; };
		3EE193902637DD9200B695F7 /* MusicStruct.swift */ = {isa = PBXFileReference; lastKnownFileType = sourcecode.swift; path = MusicStruct.swift; sourceTree = "<group>"; };
		3EE193932637DDB300B695F7 /* MusicData.swift */ = {isa = PBXFileReference; lastKnownFileType = sourcecode.swift; path = MusicData.swift; sourceTree = "<group>"; };
		3EE193962637DDE400B695F7 /* UtiliyFunctions.swift */ = {isa = PBXFileReference; lastKnownFileType = sourcecode.swift; path = UtiliyFunctions.swift; sourceTree = "<group>"; };
		3EE1939A2637DE5700B695F7 /* SongList.swift */ = {isa = PBXFileReference; lastKnownFileType = sourcecode.swift; path = SongList.swift; sourceTree = "<group>"; };
		3EE1939E2637DE7800B695F7 /* SongItem.swift */ = {isa = PBXFileReference; lastKnownFileType = sourcecode.swift; path = SongItem.swift; sourceTree = "<group>"; };
		3EE193A12637DE9100B695F7 /* SongDetails.swift */ = {isa = PBXFileReference; lastKnownFileType = sourcecode.swift; path = SongDetails.swift; sourceTree = "<group>"; };
		3EE193A42637DEB600B695F7 /* AddSong.swift */ = {isa = PBXFileReference; lastKnownFileType = sourcecode.swift; path = AddSong.swift; sourceTree = "<group>"; };
		3EE193A72637DECB00B695F7 /* ChangeSong.swift */ = {isa = PBXFileReference; lastKnownFileType = sourcecode.swift; path = ChangeSong.swift; sourceTree = "<group>"; };
		3EE193AB2637E22600B695F7 /* SearchDatabase.swift */ = {isa = PBXFileReference; lastKnownFileType = sourcecode.swift; path = SearchDatabase.swift; sourceTree = "<group>"; };
		3EE193AE2637E23E00B695F7 /* SearchResultsList.swift */ = {isa = PBXFileReference; lastKnownFileType = sourcecode.swift; path = SearchResultsList.swift; sourceTree = "<group>"; };
		3EE193B12637E25900B695F7 /* SearchResultItem.swift */ = {isa = PBXFileReference; lastKnownFileType = sourcecode.swift; path = SearchResultItem.swift; sourceTree = "<group>"; };
		3EE193B42637E27900B695F7 /* SearchResultDetails.swift */ = {isa = PBXFileReference; lastKnownFileType = sourcecode.swift; path = SearchResultDetails.swift; sourceTree = "<group>"; };
		3EE193B72637E2AF00B695F7 /* SearchResultsEmpty.swift */ = {isa = PBXFileReference; lastKnownFileType = sourcecode.swift; path = SearchResultsEmpty.swift; sourceTree = "<group>"; };
		3EE193BB2637E32E00B695F7 /* SearchAPI.swift */ = {isa = PBXFileReference; lastKnownFileType = sourcecode.swift; path = SearchAPI.swift; sourceTree = "<group>"; };
/* End PBXFileReference section */

/* Begin PBXFrameworksBuildPhase section */
		3EB1326C263388750053B664 /* Frameworks */ = {
			isa = PBXFrameworksBuildPhase;
			buildActionMask = 2147483647;
			files = (
			);
			runOnlyForDeploymentPostprocessing = 0;
		};
/* End PBXFrameworksBuildPhase section */

/* Begin PBXGroup section */
		3EB13266263388750053B664 = {
			isa = PBXGroup;
			children = (
				3EB13271263388750053B664 /* Music Inspiration */,
				3EB13270263388750053B664 /* Products */,
			);
			sourceTree = "<group>";
		};
		3EB13270263388750053B664 /* Products */ = {
			isa = PBXGroup;
			children = (
				3EB1326F263388750053B664 /* Music Inspiration.app */,
			);
			name = Products;
			sourceTree = "<group>";
		};
		3EB13271263388750053B664 /* Music Inspiration */ = {
			isa = PBXGroup;
			children = (
				3EB132912637BE4F0053B664 /* Take or Pick Photo */,
				3EB1328F2637BE120053B664 /* Tab Bar Views */,
				3EB1328E2637BDFE0053B664 /* Supporting Files */,
				3EB1328D2637BDEF0053B664 /* Data Model */,
				3EB1328B2637BC420053B664 /* Core Data Model */,
				3EB132902637BE3D0053B664 /* Startup Views */,
				3EB1328A263388A90053B664 /* Delegates */,
				3EB1327B263388830053B664 /* Assets.xcassets */,
				3EB13280263388830053B664 /* LaunchScreen.storyboard */,
				3EB13283263388830053B664 /* Info.plist */,
				3EB1327D263388830053B664 /* Preview Content */,
			);
			path = "Music Inspiration";
			sourceTree = "<group>";
		};
		3EB1327D263388830053B664 /* Preview Content */ = {
			isa = PBXGroup;
			children = (
				3EB1327E263388830053B664 /* Preview Assets.xcassets */,
			);
			path = "Preview Content";
			sourceTree = "<group>";
		};
		3EB1328A263388A90053B664 /* Delegates */ = {
			isa = PBXGroup;
			children = (
				3EB13274263388750053B664 /* SceneDelegate.swift */,
				3EB13272263388750053B664 /* AppDelegate.swift */,
			);
			path = Delegates;
			sourceTree = "<group>";
		};
		3EB1328B2637BC420053B664 /* Core Data Model */ = {
			isa = PBXGroup;
			children = (
				3EB13278263388760053B664 /* Music_Inspiration.xcdatamodeld */,
				3EB1329E2637C0000053B664 /* Song.swift */,
				3EB132A12637C1330053B664 /* Photo.swift */,
			);
			path = "Core Data Model";
			sourceTree = "<group>";
		};
		3EB1328D2637BDEF0053B664 /* Data Model */ = {
			isa = PBXGroup;
			children = (
				3EE1938D2637DD0800B695F7 /* music.json */,
				3EE193902637DD9200B695F7 /* MusicStruct.swift */,
				3EE193932637DDB300B695F7 /* MusicData.swift */,
				3EB132A42637C9370053B664 /* UserData.swift */,
			);
			path = "Data Model";
			sourceTree = "<group>";
		};
		3EB1328E2637BDFE0053B664 /* Supporting Files */ = {
			isa = PBXGroup;
			children = (
				3EE193962637DDE400B695F7 /* UtiliyFunctions.swift */,
				3EE193B72637E2AF00B695F7 /* SearchResultsEmpty.swift */,
			);
			path = "Supporting Files";
			sourceTree = "<group>";
		};
		3EB1328F2637BE120053B664 /* Tab Bar Views */ = {
			isa = PBXGroup;
			children = (
				3EB132992637BEB10053B664 /* Home */,
				3EE193992637DE2600B695F7 /* Favorites */,
				3EE193AA2637E20200B695F7 /* Search Database */,
				3EE193BA2637E30F00B695F7 /* Search API */,
				3EB132B02637CA1A0053B664 /* Settings */,
			);
			path = "Tab Bar Views";
			sourceTree = "<group>";
		};
		3EB132902637BE3D0053B664 /* Startup Views */ = {
			isa = PBXGroup;
			children = (
				3EB13276263388750053B664 /* ContentView.swift */,
				3EB132A72637C9510053B664 /* MainView.swift */,
				3EB132AA2637C95A0053B664 /* LoginView.swift */,
				3EB132AD2637C9650053B664 /* ForgotPassword.swift */,
			);
			path = "Startup Views";
			sourceTree = "<group>";
		};
		3EB132912637BE4F0053B664 /* Take or Pick Photo */ = {
			isa = PBXGroup;
			children = (
				3EB132922637BE850053B664 /* PhotoCaptureView.swift */,
				3EB132962637BE9C0053B664 /* ImagePicker.swift */,
			);
			path = "Take or Pick Photo";
			sourceTree = "<group>";
		};
		3EB132992637BEB10053B664 /* Home */ = {
			isa = PBXGroup;
			children = (
				3EB1329A2637BEC20053B664 /* Home.swift */,
			);
			path = Home;
			sourceTree = "<group>";
		};
		3EB132B02637CA1A0053B664 /* Settings */ = {
			isa = PBXGroup;
			children = (
				3EB132B12637CA260053B664 /* Settings.swift */,
			);
			path = Settings;
			sourceTree = "<group>";
		};
		3EE193992637DE2600B695F7 /* Favorites */ = {
			isa = PBXGroup;
			children = (
				3EE1939A2637DE5700B695F7 /* SongList.swift */,
				3EE1939E2637DE7800B695F7 /* SongItem.swift */,
				3EE193A12637DE9100B695F7 /* SongDetails.swift */,
				3EE193A42637DEB600B695F7 /* AddSong.swift */,
				3EE193A72637DECB00B695F7 /* ChangeSong.swift */,
			);
			path = Favorites;
			sourceTree = "<group>";
		};
		3EE193AA2637E20200B695F7 /* Search Database */ = {
			isa = PBXGroup;
			children = (
				3EE193AB2637E22600B695F7 /* SearchDatabase.swift */,
				3EE193AE2637E23E00B695F7 /* SearchResultsList.swift */,
				3EE193B12637E25900B695F7 /* SearchResultItem.swift */,
				3EE193B42637E27900B695F7 /* SearchResultDetails.swift */,
			);
			path = "Search Database";
			sourceTree = "<group>";
		};
		3EE193BA2637E30F00B695F7 /* Search API */ = {
			isa = PBXGroup;
			children = (
				3EE193BB2637E32E00B695F7 /* SearchAPI.swift */,
			);
			path = "Search API";
			sourceTree = "<group>";
		};
/* End PBXGroup section */

/* Begin PBXNativeTarget section */
		3EB1326E263388750053B664 /* Music Inspiration */ = {
			isa = PBXNativeTarget;
			buildConfigurationList = 3EB13286263388830053B664 /* Build configuration list for PBXNativeTarget "Music Inspiration" */;
			buildPhases = (
				3EB1326B263388750053B664 /* Sources */,
				3EB1326C263388750053B664 /* Frameworks */,
				3EB1326D263388750053B664 /* Resources */,
			);
			buildRules = (
			);
			dependencies = (
			);
			name = "Music Inspiration";
			productName = "Music Inspiration";
			productReference = 3EB1326F263388750053B664 /* Music Inspiration.app */;
			productType = "com.apple.product-type.application";
		};
/* End PBXNativeTarget section */

/* Begin PBXProject section */
		3EB13267263388750053B664 /* Project object */ = {
			isa = PBXProject;
			attributes = {
				LastSwiftUpdateCheck = 1240;
				LastUpgradeCheck = 1240;
				TargetAttributes = {
					3EB1326E263388750053B664 = {
						CreatedOnToolsVersion = 12.4;
					};
				};
			};
			buildConfigurationList = 3EB1326A263388750053B664 /* Build configuration list for PBXProject "Music Inspiration" */;
			compatibilityVersion = "Xcode 9.3";
			developmentRegion = en;
			hasScannedForEncodings = 0;
			knownRegions = (
				en,
				Base,
			);
			mainGroup = 3EB13266263388750053B664;
			productRefGroup = 3EB13270263388750053B664 /* Products */;
			projectDirPath = "";
			projectRoot = "";
			targets = (
				3EB1326E263388750053B664 /* Music Inspiration */,
			);
		};
/* End PBXProject section */

/* Begin PBXResourcesBuildPhase section */
		3EB1326D263388750053B664 /* Resources */ = {
			isa = PBXResourcesBuildPhase;
			buildActionMask = 2147483647;
			files = (
				3EB13282263388830053B664 /* LaunchScreen.storyboard in Resources */,
				3EB1327F263388830053B664 /* Preview Assets.xcassets in Resources */,
				3EB1327C263388830053B664 /* Assets.xcassets in Resources */,
				3EE1938E2637DD0800B695F7 /* music.json in Resources */,
			);
			runOnlyForDeploymentPostprocessing = 0;
		};
/* End PBXResourcesBuildPhase section */

/* Begin PBXSourcesBuildPhase section */
		3EB1326B263388750053B664 /* Sources */ = {
			isa = PBXSourcesBuildPhase;
			buildActionMask = 2147483647;
			files = (
				3EB13273263388750053B664 /* AppDelegate.swift in Sources */,
				3EB13275263388750053B664 /* SceneDelegate.swift in Sources */,
				3EB1327A263388760053B664 /* Music_Inspiration.xcdatamodeld in Sources */,
				3EB132A22637C1330053B664 /* Photo.swift in Sources */,
				3EB132B22637CA260053B664 /* Settings.swift in Sources */,
				3EE193942637DDB300B695F7 /* MusicData.swift in Sources */,
				3EE193AF2637E23E00B695F7 /* SearchResultsList.swift in Sources */,
				3EB132972637BE9C0053B664 /* ImagePicker.swift in Sources */,
				3EE193B22637E25900B695F7 /* SearchResultItem.swift in Sources */,
				3EB1329F2637C0000053B664 /* Song.swift in Sources */,
				3EE193AC2637E22600B695F7 /* SearchDatabase.swift in Sources */,
				3EE1939F2637DE7800B695F7 /* SongItem.swift in Sources */,
				3EE193B82637E2AF00B695F7 /* SearchResultsEmpty.swift in Sources */,
				3EB132AB2637C95A0053B664 /* LoginView.swift in Sources */,
				3EB13277263388750053B664 /* ContentView.swift in Sources */,
				3EB132A82637C9510053B664 /* MainView.swift in Sources */,
				3EE193A82637DECB00B695F7 /* ChangeSong.swift in Sources */,
				3EB132932637BE850053B664 /* PhotoCaptureView.swift in Sources */,
				3EE1939B2637DE5700B695F7 /* SongList.swift in Sources */,
				3EB132AE2637C9650053B664 /* ForgotPassword.swift in Sources */,
				3EB132A52637C9370053B664 /* UserData.swift in Sources */,
				3EB1329B2637BEC20053B664 /* Home.swift in Sources */,
				3EE193BC2637E32E00B695F7 /* SearchAPI.swift in Sources */,
				3EE193B52637E27900B695F7 /* SearchResultDetails.swift in Sources */,
				3EE193A22637DE9100B695F7 /* SongDetails.swift in Sources */,
				3EE193972637DDE400B695F7 /* UtiliyFunctions.swift in Sources */,
				3EE193912637DD9200B695F7 /* MusicStruct.swift in Sources */,
				3EE193A52637DEB600B695F7 /* AddSong.swift in Sources */,
			);
			runOnlyForDeploymentPostprocessing = 0;
		};
/* End PBXSourcesBuildPhase section */

/* Begin PBXVariantGroup section */
		3EB13280263388830053B664 /* LaunchScreen.storyboard */ = {
			isa = PBXVariantGroup;
			children = (
				3EB13281263388830053B664 /* Base */,
			);
			name = LaunchScreen.storyboard;
			sourceTree = "<group>";
		};
/* End PBXVariantGroup section */

/* Begin XCBuildConfiguration section */
		3EB13284263388830053B664 /* Debug */ = {
			isa = XCBuildConfiguration;
			buildSettings = {
				ALWAYS_SEARCH_USER_PATHS = NO;
				CLANG_ANALYZER_NONNULL = YES;
				CLANG_ANALYZER_NUMBER_OBJECT_CONVERSION = YES_AGGRESSIVE;
				CLANG_CXX_LANGUAGE_STANDARD = "gnu++14";
				CLANG_CXX_LIBRARY = "libc++";
				CLANG_ENABLE_MODULES = YES;
				CLANG_ENABLE_OBJC_ARC = YES;
				CLANG_ENABLE_OBJC_WEAK = YES;
				CLANG_WARN_BLOCK_CAPTURE_AUTORELEASING = YES;
				CLANG_WARN_BOOL_CONVERSION = YES;
				CLANG_WARN_COMMA = YES;
				CLANG_WARN_CONSTANT_CONVERSION = YES;
				CLANG_WARN_DEPRECATED_OBJC_IMPLEMENTATIONS = YES;
				CLANG_WARN_DIRECT_OBJC_ISA_USAGE = YES_ERROR;
				CLANG_WARN_DOCUMENTATION_COMMENTS = YES;
				CLANG_WARN_EMPTY_BODY = YES;
				CLANG_WARN_ENUM_CONVERSION = YES;
				CLANG_WARN_INFINITE_RECURSION = YES;
				CLANG_WARN_INT_CONVERSION = YES;
				CLANG_WARN_NON_LITERAL_NULL_CONVERSION = YES;
				CLANG_WARN_OBJC_IMPLICIT_RETAIN_SELF = YES;
				CLANG_WARN_OBJC_LITERAL_CONVERSION = YES;
				CLANG_WARN_OBJC_ROOT_CLASS = YES_ERROR;
				CLANG_WARN_QUOTED_INCLUDE_IN_FRAMEWORK_HEADER = YES;
				CLANG_WARN_RANGE_LOOP_ANALYSIS = YES;
				CLANG_WARN_STRICT_PROTOTYPES = YES;
				CLANG_WARN_SUSPICIOUS_MOVE = YES;
				CLANG_WARN_UNGUARDED_AVAILABILITY = YES_AGGRESSIVE;
				CLANG_WARN_UNREACHABLE_CODE = YES;
				CLANG_WARN__DUPLICATE_METHOD_MATCH = YES;
				COPY_PHASE_STRIP = NO;
				DEBUG_INFORMATION_FORMAT = dwarf;
				ENABLE_STRICT_OBJC_MSGSEND = YES;
				ENABLE_TESTABILITY = YES;
				GCC_C_LANGUAGE_STANDARD = gnu11;
				GCC_DYNAMIC_NO_PIC = NO;
				GCC_NO_COMMON_BLOCKS = YES;
				GCC_OPTIMIZATION_LEVEL = 0;
				GCC_PREPROCESSOR_DEFINITIONS = (
					"DEBUG=1",
					"$(inherited)",
				);
				GCC_WARN_64_TO_32_BIT_CONVERSION = YES;
				GCC_WARN_ABOUT_RETURN_TYPE = YES_ERROR;
				GCC_WARN_UNDECLARED_SELECTOR = YES;
				GCC_WARN_UNINITIALIZED_AUTOS = YES_AGGRESSIVE;
				GCC_WARN_UNUSED_FUNCTION = YES;
				GCC_WARN_UNUSED_VARIABLE = YES;
				IPHONEOS_DEPLOYMENT_TARGET = 14.4;
				MTL_ENABLE_DEBUG_INFO = INCLUDE_SOURCE;
				MTL_FAST_MATH = YES;
				ONLY_ACTIVE_ARCH = YES;
				SDKROOT = iphoneos;
				SWIFT_ACTIVE_COMPILATION_CONDITIONS = DEBUG;
				SWIFT_OPTIMIZATION_LEVEL = "-Onone";
			};
			name = Debug;
		};
		3EB13285263388830053B664 /* Release */ = {
			isa = XCBuildConfiguration;
			buildSettings = {
				ALWAYS_SEARCH_USER_PATHS = NO;
				CLANG_ANALYZER_NONNULL = YES;
				CLANG_ANALYZER_NUMBER_OBJECT_CONVERSION = YES_AGGRESSIVE;
				CLANG_CXX_LANGUAGE_STANDARD = "gnu++14";
				CLANG_CXX_LIBRARY = "libc++";
				CLANG_ENABLE_MODULES = YES;
				CLANG_ENABLE_OBJC_ARC = YES;
				CLANG_ENABLE_OBJC_WEAK = YES;
				CLANG_WARN_BLOCK_CAPTURE_AUTORELEASING = YES;
				CLANG_WARN_BOOL_CONVERSION = YES;
				CLANG_WARN_COMMA = YES;
				CLANG_WARN_CONSTANT_CONVERSION = YES;
				CLANG_WARN_DEPRECATED_OBJC_IMPLEMENTATIONS = YES;
				CLANG_WARN_DIRECT_OBJC_ISA_USAGE = YES_ERROR;
				CLANG_WARN_DOCUMENTATION_COMMENTS = YES;
				CLANG_WARN_EMPTY_BODY = YES;
				CLANG_WARN_ENUM_CONVERSION = YES;
				CLANG_WARN_INFINITE_RECURSION = YES;
				CLANG_WARN_INT_CONVERSION = YES;
				CLANG_WARN_NON_LITERAL_NULL_CONVERSION = YES;
				CLANG_WARN_OBJC_IMPLICIT_RETAIN_SELF = YES;
				CLANG_WARN_OBJC_LITERAL_CONVERSION = YES;
				CLANG_WARN_OBJC_ROOT_CLASS = YES_ERROR;
				CLANG_WARN_QUOTED_INCLUDE_IN_FRAMEWORK_HEADER = YES;
				CLANG_WARN_RANGE_LOOP_ANALYSIS = YES;
				CLANG_WARN_STRICT_PROTOTYPES = YES;
				CLANG_WARN_SUSPICIOUS_MOVE = YES;
				CLANG_WARN_UNGUARDED_AVAILABILITY = YES_AGGRESSIVE;
				CLANG_WARN_UNREACHABLE_CODE = YES;
				CLANG_WARN__DUPLICATE_METHOD_MATCH = YES;
				COPY_PHASE_STRIP = NO;
				DEBUG_INFORMATION_FORMAT = "dwarf-with-dsym";
				ENABLE_NS_ASSERTIONS = NO;
				ENABLE_STRICT_OBJC_MSGSEND = YES;
				GCC_C_LANGUAGE_STANDARD = gnu11;
				GCC_NO_COMMON_BLOCKS = YES;
				GCC_WARN_64_TO_32_BIT_CONVERSION = YES;
				GCC_WARN_ABOUT_RETURN_TYPE = YES_ERROR;
				GCC_WARN_UNDECLARED_SELECTOR = YES;
				GCC_WARN_UNINITIALIZED_AUTOS = YES_AGGRESSIVE;
				GCC_WARN_UNUSED_FUNCTION = YES;
				GCC_WARN_UNUSED_VARIABLE = YES;
				IPHONEOS_DEPLOYMENT_TARGET = 14.4;
				MTL_ENABLE_DEBUG_INFO = NO;
				MTL_FAST_MATH = YES;
				SDKROOT = iphoneos;
				SWIFT_COMPILATION_MODE = wholemodule;
				SWIFT_OPTIMIZATION_LEVEL = "-O";
				VALIDATE_PRODUCT = YES;
			};
			name = Release;
		};
		3EB13287263388830053B664 /* Debug */ = {
			isa = XCBuildConfiguration;
			buildSettings = {
				ASSETCATALOG_COMPILER_APPICON_NAME = AppIcon;
				ASSETCATALOG_COMPILER_GLOBAL_ACCENT_COLOR_NAME = AccentColor;
				CODE_SIGN_STYLE = Automatic;
				DEVELOPMENT_ASSET_PATHS = "\"Music Inspiration/Preview Content\"";
				DEVELOPMENT_TEAM = 5T42BNGJD2;
				ENABLE_PREVIEWS = YES;
				INFOPLIST_FILE = "Music Inspiration/Info.plist";
				LD_RUNPATH_SEARCH_PATHS = (
					"$(inherited)",
					"@executable_path/Frameworks",
				);
				PRODUCT_BUNDLE_IDENTIFIER = "com.MichaelGannon.Music-Inspiration";
				PRODUCT_NAME = "$(TARGET_NAME)";
				SWIFT_VERSION = 5.0;
				TARGETED_DEVICE_FAMILY = "1,2";
			};
			name = Debug;
		};
		3EB13288263388830053B664 /* Release */ = {
			isa = XCBuildConfiguration;
			buildSettings = {
				ASSETCATALOG_COMPILER_APPICON_NAME = AppIcon;
				ASSETCATALOG_COMPILER_GLOBAL_ACCENT_COLOR_NAME = AccentColor;
				CODE_SIGN_STYLE = Automatic;
				DEVELOPMENT_ASSET_PATHS = "\"Music Inspiration/Preview Content\"";
				DEVELOPMENT_TEAM = 5T42BNGJD2;
				ENABLE_PREVIEWS = YES;
				INFOPLIST_FILE = "Music Inspiration/Info.plist";
				LD_RUNPATH_SEARCH_PATHS = (
					"$(inherited)",
					"@executable_path/Frameworks",
				);
				PRODUCT_BUNDLE_IDENTIFIER = "com.MichaelGannon.Music-Inspiration";
				PRODUCT_NAME = "$(TARGET_NAME)";
				SWIFT_VERSION = 5.0;
				TARGETED_DEVICE_FAMILY = "1,2";
			};
			name = Release;
		};
/* End XCBuildConfiguration section */

/* Begin XCConfigurationList section */
		3EB1326A263388750053B664 /* Build configuration list for PBXProject "Music Inspiration" */ = {
			isa = XCConfigurationList;
			buildConfigurations = (
				3EB13284263388830053B664 /* Debug */,
				3EB13285263388830053B664 /* Release */,
			);
			defaultConfigurationIsVisible = 0;
			defaultConfigurationName = Release;
		};
		3EB13286263388830053B664 /* Build configuration list for PBXNativeTarget "Music Inspiration" */ = {
			isa = XCConfigurationList;
			buildConfigurations = (
				3EB13287263388830053B664 /* Debug */,
				3EB13288263388830053B664 /* Release */,
			);
			defaultConfigurationIsVisible = 0;
			defaultConfigurationName = Release;
		};
/* End XCConfigurationList section */

/* Begin XCVersionGroup section */
		3EB13278263388760053B664 /* Music_Inspiration.xcdatamodeld */ = {
			isa = XCVersionGroup;
			children = (
				3EB13279263388760053B664 /* Music_Inspiration.xcdatamodel */,
			);
			currentVersion = 3EB13279263388760053B664 /* Music_Inspiration.xcdatamodel */;
			path = Music_Inspiration.xcdatamodeld;
			sourceTree = "<group>";
			versionGroupType = wrapper.xcdatamodel;
		};
/* End XCVersionGroup section */
	};
	rootObject = 3EB13267263388750053B664 /* Project object */;
}
